
Microsoft Visual Studio Solution File, Format Version 12.00
# Visual Studio Version 17
VisualStudioVersion = 17.13.35825.156
MinimumVisualStudioVersion = 10.0.40219.1
Project("{FAE04EC0-301F-11D3-BF4B-00C04F79EFBC}") = "TN01-WFCadastrar", "TN01-WFCadastrar\TN01-WFCadastrar.csproj", "{FD16D169-720D-4A56-96C1-E64F0B18FEAD}"
EndProject
Project("{FAE04EC0-301F-11D3-BF4B-00C04F79EFBC}") = "WFCadastroEndereco", "WFCadatroEndereco\WFCadastroEndereco.csproj", "{189851B7-C18A-40F5-A97F-B2C510F8C747}"
EndProject
Global
	GlobalSection(SolutionConfigurationPlatforms) = preSolution
		Debug|Any CPU = Debug|Any CPU
		Release|Any CPU = Release|Any CPU
	EndGlobalSection
	GlobalSection(ProjectConfigurationPlatforms) = postSolution
		{FD16D169-720D-4A56-96C1-E64F0B18FEAD}.Debug|Any CPU.ActiveCfg = Debug|Any CPU
		{FD16D169-720D-4A56-96C1-E64F0B18FEAD}.Debug|Any CPU.Build.0 = Debug|Any CPU
		{FD16D169-720D-4A56-96C1-E64F0B18FEAD}.Release|Any CPU.ActiveCfg = Release|Any CPU
		{FD16D169-720D-4A56-96C1-E64F0B18FEAD}.Release|Any CPU.Build.0 = Release|Any CPU
		{189851B7-C18A-40F5-A97F-B2C510F8C747}.Debug|Any CPU.ActiveCfg = Debug|Any CPU
		{189851B7-C18A-40F5-A97F-B2C510F8C747}.Debug|Any CPU.Build.0 = Debug|Any CPU
		{189851B7-C18A-40F5-A97F-B2C510F8C747}.Release|Any CPU.ActiveCfg = Release|Any CPU
		{189851B7-C18A-40F5-A97F-B2C510F8C747}.Release|Any CPU.Build.0 = Release|Any CPU
	EndGlobalSection
	GlobalSection(SolutionProperties) = preSolution
		HideSolutionNode = FALSE
	EndGlobalSection
	GlobalSection(ExtensibilityGlobals) = postSolution
		SolutionGuid = {A6563EDD-4DC1-4D53-A459-A3155C887228}
	EndGlobalSection
EndGlobal
